// !$*UTF8*$!
{
	archiveVersion = 1;
	classes = {
	};
	objectVersion = 50;
	objects = {

/* Begin PBXBuildFile section */
		7B0D87C92426A588009FBA19 /* UIView+Ext.swift in Sources */ = {isa = PBXBuildFile; fileRef = 7B0D87C82426A588009FBA19 /* UIView+Ext.swift */; };
		7B46D4BA242401DB0084CB1C /* AppDelegate.swift in Sources */ = {isa = PBXBuildFile; fileRef = 7B46D4B9242401DB0084CB1C /* AppDelegate.swift */; };
		7B46D4BC242401DB0084CB1C /* SceneDelegate.swift in Sources */ = {isa = PBXBuildFile; fileRef = 7B46D4BB242401DB0084CB1C /* SceneDelegate.swift */; };
		7B46D4BE242401DB0084CB1C /* ViewController.swift in Sources */ = {isa = PBXBuildFile; fileRef = 7B46D4BD242401DB0084CB1C /* ViewController.swift */; };
		7B46D4C1242401DB0084CB1C /* Main.storyboard in Resources */ = {isa = PBXBuildFile; fileRef = 7B46D4BF242401DB0084CB1C /* Main.storyboard */; };
		7B46D4C3242401DE0084CB1C /* Assets.xcassets in Resources */ = {isa = PBXBuildFile; fileRef = 7B46D4C2242401DE0084CB1C /* Assets.xcassets */; };
		7B46D4C6242401DE0084CB1C /* LaunchScreen.storyboard in Resources */ = {isa = PBXBuildFile; fileRef = 7B46D4C4242401DE0084CB1C /* LaunchScreen.storyboard */; };
		7B46D4CE242401EF0084CB1C /* Constants.swift in Sources */ = {isa = PBXBuildFile; fileRef = 7B46D4CD242401EF0084CB1C /* Constants.swift */; };
		7B46D4D0242404AE0084CB1C /* BaseViewController.swift in Sources */ = {isa = PBXBuildFile; fileRef = 7B46D4CF242404AE0084CB1C /* BaseViewController.swift */; };
		7B46D4D2242413800084CB1C /* PlayVoiceViewController.swift in Sources */ = {isa = PBXBuildFile; fileRef = 7B46D4D1242413800084CB1C /* PlayVoiceViewController.swift */; };
		7B46D4D5242414BD0084CB1C /* LastPlayedCollectionViewCell.swift in Sources */ = {isa = PBXBuildFile; fileRef = 7B46D4D3242414BD0084CB1C /* LastPlayedCollectionViewCell.swift */; };
		7B46D4D6242414BD0084CB1C /* LastPlayedCollectionViewCell.xib in Resources */ = {isa = PBXBuildFile; fileRef = 7B46D4D4242414BD0084CB1C /* LastPlayedCollectionViewCell.xib */; };
		7B46D4DB2424207E0084CB1C /* AudioListCollectionViewCell.swift in Sources */ = {isa = PBXBuildFile; fileRef = 7B46D4D92424207E0084CB1C /* AudioListCollectionViewCell.swift */; };
		7B46D4DC2424207E0084CB1C /* AudioListCollectionViewCell.xib in Resources */ = {isa = PBXBuildFile; fileRef = 7B46D4DA2424207E0084CB1C /* AudioListCollectionViewCell.xib */; };
		7B8B36D624257A5C001F8D0D /* AudioManager.swift in Sources */ = {isa = PBXBuildFile; fileRef = 7B8B36D524257A5C001F8D0D /* AudioManager.swift */; };
		7BF237B52426293900AD1201 /* PlayButton.swift in Sources */ = {isa = PBXBuildFile; fileRef = 7BF237B42426293900AD1201 /* PlayButton.swift */; };
		7BF237B72426952B00AD1201 /* audio.mp3 in Resources */ = {isa = PBXBuildFile; fileRef = 7BF237B62426952A00AD1201 /* audio.mp3 */; };
/* End PBXBuildFile section */

/* Begin PBXFileReference section */
		7B0D87C82426A588009FBA19 /* UIView+Ext.swift */ = {isa = PBXFileReference; lastKnownFileType = sourcecode.swift; name = "UIView+Ext.swift"; path = "VoiceClub/CustomComponents/UIView+Ext.swift"; sourceTree = SOURCE_ROOT; };
		7B46D4B6242401DB0084CB1C /* VoiceClub.app */ = {isa = PBXFileReference; explicitFileType = wrapper.application; includeInIndex = 0; path = VoiceClub.app; sourceTree = BUILT_PRODUCTS_DIR; };
		7B46D4B9242401DB0084CB1C /* AppDelegate.swift */ = {isa = PBXFileReference; lastKnownFileType = sourcecode.swift; path = AppDelegate.swift; sourceTree = "<group>"; };
		7B46D4BB242401DB0084CB1C /* SceneDelegate.swift */ = {isa = PBXFileReference; lastKnownFileType = sourcecode.swift; path = SceneDelegate.swift; sourceTree = "<group>"; };
		7B46D4BD242401DB0084CB1C /* ViewController.swift */ = {isa = PBXFileReference; lastKnownFileType = sourcecode.swift; path = ViewController.swift; sourceTree = "<group>"; };
		7B46D4C0242401DB0084CB1C /* Base */ = {isa = PBXFileReference; lastKnownFileType = file.storyboard; name = Base; path = Base.lproj/Main.storyboard; sourceTree = "<group>"; };
		7B46D4C2242401DE0084CB1C /* Assets.xcassets */ = {isa = PBXFileReference; lastKnownFileType = folder.assetcatalog; path = Assets.xcassets; sourceTree = "<group>"; };
		7B46D4C5242401DE0084CB1C /* Base */ = {isa = PBXFileReference; lastKnownFileType = file.storyboard; name = Base; path = Base.lproj/LaunchScreen.storyboard; sourceTree = "<group>"; };
		7B46D4C7242401DE0084CB1C /* Info.plist */ = {isa = PBXFileReference; lastKnownFileType = text.plist.xml; path = Info.plist; sourceTree = "<group>"; };
		7B46D4CD242401EF0084CB1C /* Constants.swift */ = {isa = PBXFileReference; lastKnownFileType = sourcecode.swift; path = Constants.swift; sourceTree = "<group>"; };
		7B46D4CF242404AE0084CB1C /* BaseViewController.swift */ = {isa = PBXFileReference; lastKnownFileType = sourcecode.swift; path = BaseViewController.swift; sourceTree = "<group>"; };
		7B46D4D1242413800084CB1C /* PlayVoiceViewController.swift */ = {isa = PBXFileReference; lastKnownFileType = sourcecode.swift; path = PlayVoiceViewController.swift; sourceTree = "<group>"; };
		7B46D4D3242414BD0084CB1C /* LastPlayedCollectionViewCell.swift */ = {isa = PBXFileReference; lastKnownFileType = sourcecode.swift; path = LastPlayedCollectionViewCell.swift; sourceTree = "<group>"; };
		7B46D4D4242414BD0084CB1C /* LastPlayedCollectionViewCell.xib */ = {isa = PBXFileReference; lastKnownFileType = file.xib; path = LastPlayedCollectionViewCell.xib; sourceTree = "<group>"; };
		7B46D4D92424207E0084CB1C /* AudioListCollectionViewCell.swift */ = {isa = PBXFileReference; lastKnownFileType = sourcecode.swift; path = AudioListCollectionViewCell.swift; sourceTree = "<group>"; };
		7B46D4DA2424207E0084CB1C /* AudioListCollectionViewCell.xib */ = {isa = PBXFileReference; lastKnownFileType = file.xib; path = AudioListCollectionViewCell.xib; sourceTree = "<group>"; };
		7B8B36D524257A5C001F8D0D /* AudioManager.swift */ = {isa = PBXFileReference; lastKnownFileType = sourcecode.swift; path = AudioManager.swift; sourceTree = "<group>"; };
		7BF237B42426293900AD1201 /* PlayButton.swift */ = {isa = PBXFileReference; lastKnownFileType = sourcecode.swift; path = PlayButton.swift; sourceTree = "<group>"; };
		7BF237B62426952A00AD1201 /* audio.mp3 */ = {isa = PBXFileReference; lastKnownFileType = audio.mp3; path = audio.mp3; sourceTree = "<group>"; };
/* End PBXFileReference section */

/* Begin PBXFrameworksBuildPhase section */
		7B46D4B3242401DB0084CB1C /* Frameworks */ = {
			isa = PBXFrameworksBuildPhase;
			buildActionMask = 2147483647;
			files = (
			);
			runOnlyForDeploymentPostprocessing = 0;
		};
/* End PBXFrameworksBuildPhase section */

/* Begin PBXGroup section */
		7B46D4AD242401DB0084CB1C = {
			isa = PBXGroup;
			children = (
				7B46D4B8242401DB0084CB1C /* VoiceClub */,
				7B46D4B7242401DB0084CB1C /* Products */,
			);
			sourceTree = "<group>";
		};
		7B46D4B7242401DB0084CB1C /* Products */ = {
			isa = PBXGroup;
			children = (
				7B46D4B6242401DB0084CB1C /* VoiceClub.app */,
			);
			name = Products;
			sourceTree = "<group>";
		};
		7B46D4B8242401DB0084CB1C /* VoiceClub */ = {
			isa = PBXGroup;
			children = (
				7BF237B32426292200AD1201 /* CustomComponents */,
				7B8B36D4242550C1001F8D0D /* SampleAudio */,
				7B46D4DD242420950084CB1C /* CommonExtensions */,
				7B46D4D82424205C0084CB1C /* AudioListCollectionViewCell */,
				7B46D4D72424203E0084CB1C /* LastPlayedCollectionViewCell */,
				7B46D4B9242401DB0084CB1C /* AppDelegate.swift */,
				7B46D4BB242401DB0084CB1C /* SceneDelegate.swift */,
				7B46D4BD242401DB0084CB1C /* ViewController.swift */,
				7B46D4BF242401DB0084CB1C /* Main.storyboard */,
				7B46D4C2242401DE0084CB1C /* Assets.xcassets */,
				7B46D4C4242401DE0084CB1C /* LaunchScreen.storyboard */,
				7B46D4C7242401DE0084CB1C /* Info.plist */,
				7B46D4CD242401EF0084CB1C /* Constants.swift */,
				7B46D4CF242404AE0084CB1C /* BaseViewController.swift */,
				7B46D4D1242413800084CB1C /* PlayVoiceViewController.swift */,
				7B8B36D524257A5C001F8D0D /* AudioManager.swift */,
			);
			path = VoiceClub;
			sourceTree = "<group>";
		};
		7B46D4D72424203E0084CB1C /* LastPlayedCollectionViewCell */ = {
			isa = PBXGroup;
			children = (
				7B46D4D3242414BD0084CB1C /* LastPlayedCollectionViewCell.swift */,
				7B46D4D4242414BD0084CB1C /* LastPlayedCollectionViewCell.xib */,
			);
			path = LastPlayedCollectionViewCell;
			sourceTree = "<group>";
		};
		7B46D4D82424205C0084CB1C /* AudioListCollectionViewCell */ = {
			isa = PBXGroup;
			children = (
				7B46D4D92424207E0084CB1C /* AudioListCollectionViewCell.swift */,
				7B46D4DA2424207E0084CB1C /* AudioListCollectionViewCell.xib */,
			);
			path = AudioListCollectionViewCell;
			sourceTree = "<group>";
		};
		7B46D4DD242420950084CB1C /* CommonExtensions */ = {
			isa = PBXGroup;
			children = (
				7B0D87C82426A588009FBA19 /* UIView+Ext.swift */,
			);
			path = CommonExtensions;
			sourceTree = "<group>";
		};
		7B8B36D4242550C1001F8D0D /* SampleAudio */ = {
			isa = PBXGroup;
			children = (
				7BF237B62426952A00AD1201 /* audio.mp3 */,
			);
			path = SampleAudio;
			sourceTree = "<group>";
		};
		7BF237B32426292200AD1201 /* CustomComponents */ = {
			isa = PBXGroup;
			children = (
				7BF237B42426293900AD1201 /* PlayButton.swift */,
			);
			path = CustomComponents;
			sourceTree = "<group>";
		};
/* End PBXGroup section */

/* Begin PBXNativeTarget section */
		7B46D4B5242401DB0084CB1C /* VoiceClub */ = {
			isa = PBXNativeTarget;
			buildConfigurationList = 7B46D4CA242401DE0084CB1C /* Build configuration list for PBXNativeTarget "VoiceClub" */;
			buildPhases = (
				7B46D4B2242401DB0084CB1C /* Sources */,
				7B46D4B3242401DB0084CB1C /* Frameworks */,
				7B46D4B4242401DB0084CB1C /* Resources */,
			);
			buildRules = (
			);
			dependencies = (
			);
			name = VoiceClub;
			productName = VoiceClub;
			productReference = 7B46D4B6242401DB0084CB1C /* VoiceClub.app */;
			productType = "com.apple.product-type.application";
		};
/* End PBXNativeTarget section */

/* Begin PBXProject section */
		7B46D4AE242401DB0084CB1C /* Project object */ = {
			isa = PBXProject;
			attributes = {
				LastSwiftUpdateCheck = 1110;
				LastUpgradeCheck = 1110;
				ORGANIZATIONNAME = "Bibin Jaimon";
				TargetAttributes = {
					7B46D4B5242401DB0084CB1C = {
						CreatedOnToolsVersion = 11.1;
					};
				};
			};
			buildConfigurationList = 7B46D4B1242401DB0084CB1C /* Build configuration list for PBXProject "VoiceClub" */;
			compatibilityVersion = "Xcode 9.3";
			developmentRegion = en;
			hasScannedForEncodings = 0;
			knownRegions = (
				en,
				Base,
			);
			mainGroup = 7B46D4AD242401DB0084CB1C;
			productRefGroup = 7B46D4B7242401DB0084CB1C /* Products */;
			projectDirPath = "";
			projectRoot = "";
			targets = (
				7B46D4B5242401DB0084CB1C /* VoiceClub */,
			);
		};
/* End PBXProject section */

/* Begin PBXResourcesBuildPhase section */
		7B46D4B4242401DB0084CB1C /* Resources */ = {
			isa = PBXResourcesBuildPhase;
			buildActionMask = 2147483647;
			files = (
				7B46D4DC2424207E0084CB1C /* AudioListCollectionViewCell.xib in Resources */,
				7B46D4C6242401DE0084CB1C /* LaunchScreen.storyboard in Resources */,
				7B46D4C3242401DE0084CB1C /* Assets.xcassets in Resources */,
				7BF237B72426952B00AD1201 /* audio.mp3 in Resources */,
				7B46D4D6242414BD0084CB1C /* LastPlayedCollectionViewCell.xib in Resources */,
				7B46D4C1242401DB0084CB1C /* Main.storyboard in Resources */,
			);
			runOnlyForDeploymentPostprocessing = 0;
		};
/* End PBXResourcesBuildPhase section */

/* Begin PBXSourcesBuildPhase section */
		7B46D4B2242401DB0084CB1C /* Sources */ = {
			isa = PBXSourcesBuildPhase;
			buildActionMask = 2147483647;
			files = (
				7B46D4D0242404AE0084CB1C /* BaseViewController.swift in Sources */,
				7B0D87C92426A588009FBA19 /* UIView+Ext.swift in Sources */,
				7BF237B52426293900AD1201 /* PlayButton.swift in Sources */,
				7B46D4D5242414BD0084CB1C /* LastPlayedCollectionViewCell.swift in Sources */,
				7B46D4BE242401DB0084CB1C /* ViewController.swift in Sources */,
				7B46D4DB2424207E0084CB1C /* AudioListCollectionViewCell.swift in Sources */,
				7B46D4BA242401DB0084CB1C /* AppDelegate.swift in Sources */,
				7B46D4D2242413800084CB1C /* PlayVoiceViewController.swift in Sources */,
				7B8B36D624257A5C001F8D0D /* AudioManager.swift in Sources */,
				7B46D4BC242401DB0084CB1C /* SceneDelegate.swift in Sources */,
				7B46D4CE242401EF0084CB1C /* Constants.swift in Sources */,
			);
			runOnlyForDeploymentPostprocessing = 0;
		};
/* End PBXSourcesBuildPhase section */

/* Begin PBXVariantGroup section */
		7B46D4BF242401DB0084CB1C /* Main.storyboard */ = {
			isa = PBXVariantGroup;
			children = (
				7B46D4C0242401DB0084CB1C /* Base */,
			);
			name = Main.storyboard;
			sourceTree = "<group>";
		};
		7B46D4C4242401DE0084CB1C /* LaunchScreen.storyboard */ = {
			isa = PBXVariantGroup;
			children = (
				7B46D4C5242401DE0084CB1C /* Base */,
			);
			name = LaunchScreen.storyboard;
			sourceTree = "<group>";
		};
/* End PBXVariantGroup section */

/* Begin XCBuildConfiguration section */
		7B46D4C8242401DE0084CB1C /* Debug */ = {
			isa = XCBuildConfiguration;
			buildSettings = {
				ALWAYS_SEARCH_USER_PATHS = NO;
				CLANG_ANALYZER_NONNULL = YES;
				CLANG_ANALYZER_NUMBER_OBJECT_CONVERSION = YES_AGGRESSIVE;
				CLANG_CXX_LANGUAGE_STANDARD = "gnu++14";
				CLANG_CXX_LIBRARY = "libc++";
				CLANG_ENABLE_MODULES = YES;
				CLANG_ENABLE_OBJC_ARC = YES;
				CLANG_ENABLE_OBJC_WEAK = YES;
				CLANG_WARN_BLOCK_CAPTURE_AUTORELEASING = YES;
				CLANG_WARN_BOOL_CONVERSION = YES;
				CLANG_WARN_COMMA = YES;
				CLANG_WARN_CONSTANT_CONVERSION = YES;
				CLANG_WARN_DEPRECATED_OBJC_IMPLEMENTATIONS = YES;
				CLANG_WARN_DIRECT_OBJC_ISA_USAGE = YES_ERROR;
				CLANG_WARN_DOCUMENTATION_COMMENTS = YES;
				CLANG_WARN_EMPTY_BODY = YES;
				CLANG_WARN_ENUM_CONVERSION = YES;
				CLANG_WARN_INFINITE_RECURSION = YES;
				CLANG_WARN_INT_CONVERSION = YES;
				CLANG_WARN_NON_LITERAL_NULL_CONVERSION = YES;
				CLANG_WARN_OBJC_IMPLICIT_RETAIN_SELF = YES;
				CLANG_WARN_OBJC_LITERAL_CONVERSION = YES;
				CLANG_WARN_OBJC_ROOT_CLASS = YES_ERROR;
				CLANG_WARN_RANGE_LOOP_ANALYSIS = YES;
				CLANG_WARN_STRICT_PROTOTYPES = YES;
				CLANG_WARN_SUSPICIOUS_MOVE = YES;
				CLANG_WARN_UNGUARDED_AVAILABILITY = YES_AGGRESSIVE;
				CLANG_WARN_UNREACHABLE_CODE = YES;
				CLANG_WARN__DUPLICATE_METHOD_MATCH = YES;
				COPY_PHASE_STRIP = NO;
				DEBUG_INFORMATION_FORMAT = dwarf;
				ENABLE_STRICT_OBJC_MSGSEND = YES;
				ENABLE_TESTABILITY = YES;
				GCC_C_LANGUAGE_STANDARD = gnu11;
				GCC_DYNAMIC_NO_PIC = NO;
				GCC_NO_COMMON_BLOCKS = YES;
				GCC_OPTIMIZATION_LEVEL = 0;
				GCC_PREPROCESSOR_DEFINITIONS = (
					"DEBUG=1",
					"$(inherited)",
				);
				GCC_WARN_64_TO_32_BIT_CONVERSION = YES;
				GCC_WARN_ABOUT_RETURN_TYPE = YES_ERROR;
				GCC_WARN_UNDECLARED_SELECTOR = YES;
				GCC_WARN_UNINITIALIZED_AUTOS = YES_AGGRESSIVE;
				GCC_WARN_UNUSED_FUNCTION = YES;
				GCC_WARN_UNUSED_VARIABLE = YES;
				IPHONEOS_DEPLOYMENT_TARGET = 13.1;
				MTL_ENABLE_DEBUG_INFO = INCLUDE_SOURCE;
				MTL_FAST_MATH = YES;
				ONLY_ACTIVE_ARCH = YES;
				SDKROOT = iphoneos;
				SWIFT_ACTIVE_COMPILATION_CONDITIONS = DEBUG;
				SWIFT_OPTIMIZATION_LEVEL = "-Onone";
			};
			name = Debug;
		};
		7B46D4C9242401DE0084CB1C /* Release */ = {
			isa = XCBuildConfiguration;
			buildSettings = {
				ALWAYS_SEARCH_USER_PATHS = NO;
				CLANG_ANALYZER_NONNULL = YES;
				CLANG_ANALYZER_NUMBER_OBJECT_CONVERSION = YES_AGGRESSIVE;
				CLANG_CXX_LANGUAGE_STANDARD = "gnu++14";
				CLANG_CXX_LIBRARY = "libc++";
				CLANG_ENABLE_MODULES = YES;
				CLANG_ENABLE_OBJC_ARC = YES;
				CLANG_ENABLE_OBJC_WEAK = YES;
				CLANG_WARN_BLOCK_CAPTURE_AUTORELEASING = YES;
				CLANG_WARN_BOOL_CONVERSION = YES;
				CLANG_WARN_COMMA = YES;
				CLANG_WARN_CONSTANT_CONVERSION = YES;
				CLANG_WARN_DEPRECATED_OBJC_IMPLEMENTATIONS = YES;
				CLANG_WARN_DIRECT_OBJC_ISA_USAGE = YES_ERROR;
				CLANG_WARN_DOCUMENTATION_COMMENTS = YES;
				CLANG_WARN_EMPTY_BODY = YES;
				CLANG_WARN_ENUM_CONVERSION = YES;
				CLANG_WARN_INFINITE_RECURSION = YES;
				CLANG_WARN_INT_CONVERSION = YES;
				CLANG_WARN_NON_LITERAL_NULL_CONVERSION = YES;
				CLANG_WARN_OBJC_IMPLICIT_RETAIN_SELF = YES;
				CLANG_WARN_OBJC_LITERAL_CONVERSION = YES;
				CLANG_WARN_OBJC_ROOT_CLASS = YES_ERROR;
				CLANG_WARN_RANGE_LOOP_ANALYSIS = YES;
				CLANG_WARN_STRICT_PROTOTYPES = YES;
				CLANG_WARN_SUSPICIOUS_MOVE = YES;
				CLANG_WARN_UNGUARDED_AVAILABILITY = YES_AGGRESSIVE;
				CLANG_WARN_UNREACHABLE_CODE = YES;
				CLANG_WARN__DUPLICATE_METHOD_MATCH = YES;
				COPY_PHASE_STRIP = NO;
				DEBUG_INFORMATION_FORMAT = "dwarf-with-dsym";
				ENABLE_NS_ASSERTIONS = NO;
				ENABLE_STRICT_OBJC_MSGSEND = YES;
				GCC_C_LANGUAGE_STANDARD = gnu11;
				GCC_NO_COMMON_BLOCKS = YES;
				GCC_WARN_64_TO_32_BIT_CONVERSION = YES;
				GCC_WARN_ABOUT_RETURN_TYPE = YES_ERROR;
				GCC_WARN_UNDECLARED_SELECTOR = YES;
				GCC_WARN_UNINITIALIZED_AUTOS = YES_AGGRESSIVE;
				GCC_WARN_UNUSED_FUNCTION = YES;
				GCC_WARN_UNUSED_VARIABLE = YES;
				IPHONEOS_DEPLOYMENT_TARGET = 13.1;
				MTL_ENABLE_DEBUG_INFO = NO;
				MTL_FAST_MATH = YES;
				SDKROOT = iphoneos;
				SWIFT_COMPILATION_MODE = wholemodule;
				SWIFT_OPTIMIZATION_LEVEL = "-O";
				VALIDATE_PRODUCT = YES;
			};
			name = Release;
		};
		7B46D4CB242401DE0084CB1C /* Debug */ = {
			isa = XCBuildConfiguration;
			buildSettings = {
				ASSETCATALOG_COMPILER_APPICON_NAME = AppIcon;
				CODE_SIGN_STYLE = Automatic;
				INFOPLIST_FILE = VoiceClub/Info.plist;
				LD_RUNPATH_SEARCH_PATHS = (
					"$(inherited)",
					"@executable_path/Frameworks",
				);
				PRODUCT_BUNDLE_IDENTIFIER = com.bombsquard.VoiceClub;
				PRODUCT_NAME = "$(TARGET_NAME)";
				SWIFT_VERSION = 5.0;
				TARGETED_DEVICE_FAMILY = "1,2";
			};
			name = Debug;
		};
		7B46D4CC242401DE0084CB1C /* Release */ = {
			isa = XCBuildConfiguration;
			buildSettings = {
				ASSETCATALOG_COMPILER_APPICON_NAME = AppIcon;
				CODE_SIGN_STYLE = Automatic;
				INFOPLIST_FILE = VoiceClub/Info.plist;
				LD_RUNPATH_SEARCH_PATHS = (
					"$(inherited)",
					"@executable_path/Frameworks",
				);
				PRODUCT_BUNDLE_IDENTIFIER = com.bombsquard.VoiceClub;
				PRODUCT_NAME = "$(TARGET_NAME)";
				SWIFT_VERSION = 5.0;
				TARGETED_DEVICE_FAMILY = "1,2";
			};
			name = Release;
		};
/* End XCBuildConfiguration section */

/* Begin XCConfigurationList section */
		7B46D4B1242401DB0084CB1C /* Build configuration list for PBXProject "VoiceClub" */ = {
			isa = XCConfigurationList;
			buildConfigurations = (
				7B46D4C8242401DE0084CB1C /* Debug */,
				7B46D4C9242401DE0084CB1C /* Release */,
			);
			defaultConfigurationIsVisible = 0;
			defaultConfigurationName = Release;
		};
		7B46D4CA242401DE0084CB1C /* Build configuration list for PBXNativeTarget "VoiceClub" */ = {
			isa = XCConfigurationList;
			buildConfigurations = (
				7B46D4CB242401DE0084CB1C /* Debug */,
				7B46D4CC242401DE0084CB1C /* Release */,
			);
			defaultConfigurationIsVisible = 0;
			defaultConfigurationName = Release;
		};
/* End XCConfigurationList section */
	};
	rootObject = 7B46D4AE242401DB0084CB1C /* Project object */;
}
